
Microsoft Visual Studio Solution File, Format Version 12.00
# Visual Studio Version 17
VisualStudioVersion = 17.7.34009.444
MinimumVisualStudioVersion = 10.0.40219.1
Project("{9A19103F-16F7-4668-BE54-9A1E7A4F7556}") = "willardcrm", "willardcrm.csproj", "{8D8DE698-560F-45F4-B9A0-1A1CE20F5D96}"
EndProject
Project("{9A19103F-16F7-4668-BE54-9A1E7A4F7556}") = "Tests", "Tests\Tests.csproj", "{9EC500D6-458A-44B5-AD4E-4BF334E7E901}"
EndProject
Global
	GlobalSection(SolutionConfigurationPlatforms) = preSolution
		CRMRelease|Any CPU = CRMRelease|Any CPU
		Debug|Any CPU = Debug|Any CPU
		Release|Any CPU = Release|Any CPU
	EndGlobalSection
	GlobalSection(ProjectConfigurationPlatforms) = postSolution
		{8D8DE698-560F-45F4-B9A0-1A1CE20F5D96}.CRMRelease|Any CPU.ActiveCfg = CRMRelease|x64
		{8D8DE698-560F-45F4-B9A0-1A1CE20F5D96}.CRMRelease|Any CPU.Build.0 = CRMRelease|x64
		{8D8DE698-560F-45F4-B9A0-1A1CE20F5D96}.Debug|Any CPU.ActiveCfg = Debug|Any CPU
		{8D8DE698-560F-45F4-B9A0-1A1CE20F5D96}.Debug|Any CPU.Build.0 = Debug|Any CPU
		{8D8DE698-560F-45F4-B9A0-1A1CE20F5D96}.Release|Any CPU.ActiveCfg = Release|x64
		{8D8DE698-560F-45F4-B9A0-1A1CE20F5D96}.Release|Any CPU.Build.0 = Release|x64
		{9EC500D6-458A-44B5-AD4E-4BF334E7E901}.CRMRelease|Any CPU.ActiveCfg = CRMRelease|x64
		{9EC500D6-458A-44B5-AD4E-4BF334E7E901}.CRMRelease|Any CPU.Build.0 = CRMRelease|x64
		{9EC500D6-458A-44B5-AD4E-4BF334E7E901}.Debug|Any CPU.ActiveCfg = Debug|Any CPU
		{9EC500D6-458A-44B5-AD4E-4BF334E7E901}.Debug|Any CPU.Build.0 = Debug|Any CPU
		{9EC500D6-458A-44B5-AD4E-4BF334E7E901}.Release|Any CPU.ActiveCfg = Release|x64
		{9EC500D6-458A-44B5-AD4E-4BF334E7E901}.Release|Any CPU.Build.0 = Release|x64
	EndGlobalSection
	GlobalSection(SolutionProperties) = preSolution
		HideSolutionNode = FALSE
	EndGlobalSection
	GlobalSection(ExtensibilityGlobals) = postSolution
		SolutionGuid = {49023CC4-9A2E-4BB3-9E26-00E5EEEADC81}
	EndGlobalSection
EndGlobal
